
Microsoft Visual Studio Solution File, Format Version 12.00
# Visual Studio Version 17
VisualStudioVersion = 17.14.36623.8 d17.14
MinimumVisualStudioVersion = 10.0.40219.1
Project("{FAE04EC0-301F-11D3-BF4B-00C04F79EFBC}") = "InternDailyApi", "InternDailyApi\InternDailyApi.csproj", "{E7456B8B-F592-4960-96A5-4AA49AC03E4B}"
EndProject
Project("{FAE04EC0-301F-11D3-BF4B-00C04F79EFBC}") = "InternDailyWinForms", "InternDailyWinForms\InternDailyWinForms.csproj", "{34B1B0F1-B10A-45D8-B27F-2EF83C515498}"
EndProject
Global
	GlobalSection(SolutionConfigurationPlatforms) = preSolution
		Debug|Any CPU = Debug|Any CPU
		Release|Any CPU = Release|Any CPU
	EndGlobalSection
	GlobalSection(ProjectConfigurationPlatforms) = postSolution
		{E7456B8B-F592-4960-96A5-4AA49AC03E4B}.Debug|Any CPU.ActiveCfg = Debug|Any CPU
		{E7456B8B-F592-4960-96A5-4AA49AC03E4B}.Debug|Any CPU.Build.0 = Debug|Any CPU
		{E7456B8B-F592-4960-96A5-4AA49AC03E4B}.Release|Any CPU.ActiveCfg = Release|Any CPU
		{E7456B8B-F592-4960-96A5-4AA49AC03E4B}.Release|Any CPU.Build.0 = Release|Any CPU
		{34B1B0F1-B10A-45D8-B27F-2EF83C515498}.Debug|Any CPU.ActiveCfg = Debug|Any CPU
		{34B1B0F1-B10A-45D8-B27F-2EF83C515498}.Debug|Any CPU.Build.0 = Debug|Any CPU
		{34B1B0F1-B10A-45D8-B27F-2EF83C515498}.Release|Any CPU.ActiveCfg = Release|Any CPU
		{34B1B0F1-B10A-45D8-B27F-2EF83C515498}.Release|Any CPU.Build.0 = Release|Any CPU
	EndGlobalSection
	GlobalSection(SolutionProperties) = preSolution
		HideSolutionNode = FALSE
	EndGlobalSection
	GlobalSection(ExtensibilityGlobals) = postSolution
		SolutionGuid = {29358936-6BE0-40F3-9629-03F453A56E50}
	EndGlobalSection
EndGlobal
